# THIS IS AN AUTOGENERATED FILE. DO NOT EDIT THIS FILE DIRECTLY.
# yarn lockfile v1


chownr@^1.1.1:
  version "1.1.1"
  resolved "http://registry.npm.taobao.org/chownr/download/chownr-1.1.1.tgz#54726b8b8fff4df053c42187e801fb4412df1494"
  integrity sha1-VHJri4//TfBTxCGH6AH7RBLfFJQ=

fs-minipass@^1.2.5:
  version "1.2.5"
  resolved "http://registry.npm.taobao.org/fs-minipass/download/fs-minipass-1.2.5.tgz#06c277218454ec288df77ada54a03b8702aacb9d"
  integrity sha1-BsJ3IYRU7CiN93raVKA7hwKqy50=
  dependencies:
    minipass "^2.2.1"

minimist@0.0.8:
  version "0.0.8"
  resolved "http://registry.npm.taobao.org/minimist/download/minimist-0.0.8.tgz#857fcabfc3397d2625b8228262e86aa7a011b05d"
  integrity sha1-hX/Kv8M5fSYluCKCYuhqp6ARsF0=

minipass@^2.2.1, minipass@^2.3.4:
  version "2.3.5"
  resolved "http://registry.npm.taobao.org/minipass/download/minipass-2.3.5.tgz#cacebe492022497f656b0f0f51e2682a9ed2d848"
  integrity sha1-ys6+SSAiSX9law8PUeJoKp7S2Eg=
  dependencies:
    safe-buffer "^5.1.2"
    yallist "^3.0.0"

minizlib@^1.1.1:
  version "1.2.1"
  resolved "http://registry.npm.taobao.org/minizlib/download/minizlib-1.2.1.tgz#dd27ea6136243c7c880684e8672bb3a45fd9b614"
  integrity sha1-3SfqYTYkPHyIBoToZyuzpF/ZthQ=
  dependencies:
    minipass "^2.2.1"

mkdirp@^0.5.0:
  version "0.5.1"
  resolved "http://registry.npm.taobao.org/mkdirp/download/mkdirp-0.5.1.tgz#30057438eac6cf7f8c4767f38648d6697d75c903"
  integrity sha1-MAV0OOrGz3+MR2fzhkjWaX11yQM=
  dependencies:
    minimist "0.0.8"

safe-buffer@^5.1.2:
  version "5.1.2"
  resolved "http://registry.npm.taobao.org/safe-buffer/download/safe-buffer-5.1.2.tgz#991ec69d296e0313747d59bdfd2b745c35f8828d"
  integrity sha1-mR7GnSluAxN0fVm9/St0XDX4go0=

tar@^4.4.8:
  version "4.4.8"
  resolved "http://registry.npm.taobao.org/tar/download/tar-4.4.8.tgz#b19eec3fde2a96e64666df9fdb40c5ca1bc3747d"
  integrity sha1-sZ7sP94qluZGZt+f20DFyhvDdH0=
  dependencies:
    chownr "^1.1.1"
    fs-minipass "^1.2.5"
    minipass "^2.3.4"
    minizlib "^1.1.1"
    mkdirp "^0.5.0"
    safe-buffer "^5.1.2"
    yallist "^3.0.2"

yallist@^3.0.0, yallist@^3.0.2:
  version "3.0.3"
  resolved "http://registry.npm.taobao.org/yallist/download/yallist-3.0.3.tgz#b4b049e314be545e3ce802236d6cd22cd91c3de9"
  integrity sha1-tLBJ4xS+VF486AIjbWzSLNkcPek=
